
Microsoft Visual Studio Solution File, Format Version 12.00
# Visual Studio Version 17
VisualStudioVersion = 17.14.36327.8
MinimumVisualStudioVersion = 10.0.40219.1
Project("{FAE04EC0-301F-11D3-BF4B-00C04F79EFBC}") = "Algorithms-С#", "Algorithms-С#.csproj", "{69B9E4DB-D4D8-424E-B8C8-10D839175F08}"
EndProject
Project("{FAE04EC0-301F-11D3-BF4B-00C04F79EFBC}") = "AlgorithmsLibrary", "..\AlgorithmsLibrary\AlgorithmsLibrary.csproj", "{3168A442-3C0A-4C59-8C5E-65110F4CC19E}"
EndProject
Global
	GlobalSection(SolutionConfigurationPlatforms) = preSolution
		Debug|Any CPU = Debug|Any CPU
		Release|Any CPU = Release|Any CPU
	EndGlobalSection
	GlobalSection(ProjectConfigurationPlatforms) = postSolution
		{69B9E4DB-D4D8-424E-B8C8-10D839175F08}.Debug|Any CPU.ActiveCfg = Debug|Any CPU
		{69B9E4DB-D4D8-424E-B8C8-10D839175F08}.Debug|Any CPU.Build.0 = Debug|Any CPU
		{69B9E4DB-D4D8-424E-B8C8-10D839175F08}.Release|Any CPU.ActiveCfg = Release|Any CPU
		{69B9E4DB-D4D8-424E-B8C8-10D839175F08}.Release|Any CPU.Build.0 = Release|Any CPU
		{3168A442-3C0A-4C59-8C5E-65110F4CC19E}.Debug|Any CPU.ActiveCfg = Debug|Any CPU
		{3168A442-3C0A-4C59-8C5E-65110F4CC19E}.Debug|Any CPU.Build.0 = Debug|Any CPU
		{3168A442-3C0A-4C59-8C5E-65110F4CC19E}.Release|Any CPU.ActiveCfg = Release|Any CPU
		{3168A442-3C0A-4C59-8C5E-65110F4CC19E}.Release|Any CPU.Build.0 = Release|Any CPU
	EndGlobalSection
	GlobalSection(SolutionProperties) = preSolution
		HideSolutionNode = FALSE
	EndGlobalSection
	GlobalSection(ExtensibilityGlobals) = postSolution
		SolutionGuid = {A0E0AF24-A0AF-466F-8CB5-6F42BEF8E94F}
	EndGlobalSection
EndGlobal
